
Microsoft Visual Studio Solution File, Format Version 11.00
# Visual Studio 2010
Project("{FAE04EC0-301F-11D3-BF4B-00C04F79EFBC}") = "Diji_CS", "Diji_CS\Diji_CS.csproj", "{2C3C0B6C-B2ED-47EA-ACB4-A8A79D4EDE2E}"
EndProject
Global
	GlobalSection(SolutionConfigurationPlatforms) = preSolution
		Debug|Any CPU = Debug|Any CPU
		Release|Any CPU = Release|Any CPU
	EndGlobalSection
	GlobalSection(ProjectConfigurationPlatforms) = postSolution
		{2C3C0B6C-B2ED-47EA-ACB4-A8A79D4EDE2E}.Debug|Any CPU.ActiveCfg = Debug|Any CPU
		{2C3C0B6C-B2ED-47EA-ACB4-A8A79D4EDE2E}.Debug|Any CPU.Build.0 = Debug|Any CPU
		{2C3C0B6C-B2ED-47EA-ACB4-A8A79D4EDE2E}.Release|Any CPU.ActiveCfg = Release|Any CPU
		{2C3C0B6C-B2ED-47EA-ACB4-A8A79D4EDE2E}.Release|Any CPU.Build.0 = Release|Any CPU
	EndGlobalSection
	GlobalSection(SolutionProperties) = preSolution
		HideSolutionNode = FALSE
	EndGlobalSection
EndGlobal
